
Microsoft Visual Studio Solution File, Format Version 12.00
# Visual Studio Version 17
VisualStudioVersion = 17.4.33205.214
MinimumVisualStudioVersion = 10.0.40219.1
Project("{FAE04EC0-301F-11D3-BF4B-00C04F79EFBC}") = "ApiDev", "ApiDev\ApiDev.csproj", "{BB07F33A-0B0D-4A3B-93C9-E7064569C294}"
EndProject
Project("{FAE04EC0-301F-11D3-BF4B-00C04F79EFBC}") = "Core", "Core\Core.csproj", "{EEE82F4A-ED96-40AF-8413-C6CEBBCADAE3}"
EndProject
Project("{FAE04EC0-301F-11D3-BF4B-00C04F79EFBC}") = "Data", "Data\Data.csproj", "{F8861402-4DDA-4052-97EF-EC15324F8B96}"
EndProject
Global
	GlobalSection(SolutionConfigurationPlatforms) = preSolution
		Debug|Any CPU = Debug|Any CPU
		Release|Any CPU = Release|Any CPU
	EndGlobalSection
	GlobalSection(ProjectConfigurationPlatforms) = postSolution
		{BB07F33A-0B0D-4A3B-93C9-E7064569C294}.Debug|Any CPU.ActiveCfg = Debug|Any CPU
		{BB07F33A-0B0D-4A3B-93C9-E7064569C294}.Debug|Any CPU.Build.0 = Debug|Any CPU
		{BB07F33A-0B0D-4A3B-93C9-E7064569C294}.Release|Any CPU.ActiveCfg = Release|Any CPU
		{BB07F33A-0B0D-4A3B-93C9-E7064569C294}.Release|Any CPU.Build.0 = Release|Any CPU
		{EEE82F4A-ED96-40AF-8413-C6CEBBCADAE3}.Debug|Any CPU.ActiveCfg = Debug|Any CPU
		{EEE82F4A-ED96-40AF-8413-C6CEBBCADAE3}.Debug|Any CPU.Build.0 = Debug|Any CPU
		{EEE82F4A-ED96-40AF-8413-C6CEBBCADAE3}.Release|Any CPU.ActiveCfg = Release|Any CPU
		{EEE82F4A-ED96-40AF-8413-C6CEBBCADAE3}.Release|Any CPU.Build.0 = Release|Any CPU
		{F8861402-4DDA-4052-97EF-EC15324F8B96}.Debug|Any CPU.ActiveCfg = Debug|Any CPU
		{F8861402-4DDA-4052-97EF-EC15324F8B96}.Debug|Any CPU.Build.0 = Debug|Any CPU
		{F8861402-4DDA-4052-97EF-EC15324F8B96}.Release|Any CPU.ActiveCfg = Release|Any CPU
		{F8861402-4DDA-4052-97EF-EC15324F8B96}.Release|Any CPU.Build.0 = Release|Any CPU
	EndGlobalSection
	GlobalSection(SolutionProperties) = preSolution
		HideSolutionNode = FALSE
	EndGlobalSection
	GlobalSection(ExtensibilityGlobals) = postSolution
		SolutionGuid = {3D47C365-0B5E-4FC8-90AD-6F5F7D6AB3DA}
	EndGlobalSection
EndGlobal
